
Microsoft Visual Studio Solution File, Format Version 12.00
# Visual Studio Version 16
VisualStudioVersion = 16.0.29326.143
MinimumVisualStudioVersion = 10.0.40219.1
Project("{FAE04EC0-301F-11D3-BF4B-00C04F79EFBC}") = "Lab4_ASP2", "Lab4_ASP2\Lab4_ASP2.csproj", "{5B64BF0D-7B9B-477D-83F6-DDA2186CEEE7}"
EndProject
Global
	GlobalSection(SolutionConfigurationPlatforms) = preSolution
		Debug|Any CPU = Debug|Any CPU
		Release|Any CPU = Release|Any CPU
	EndGlobalSection
	GlobalSection(ProjectConfigurationPlatforms) = postSolution
		{5B64BF0D-7B9B-477D-83F6-DDA2186CEEE7}.Debug|Any CPU.ActiveCfg = Debug|Any CPU
		{5B64BF0D-7B9B-477D-83F6-DDA2186CEEE7}.Debug|Any CPU.Build.0 = Debug|Any CPU
		{5B64BF0D-7B9B-477D-83F6-DDA2186CEEE7}.Release|Any CPU.ActiveCfg = Release|Any CPU
		{5B64BF0D-7B9B-477D-83F6-DDA2186CEEE7}.Release|Any CPU.Build.0 = Release|Any CPU
	EndGlobalSection
	GlobalSection(SolutionProperties) = preSolution
		HideSolutionNode = FALSE
	EndGlobalSection
	GlobalSection(ExtensibilityGlobals) = postSolution
		SolutionGuid = {73057DF8-E662-4696-B08D-3708544C2CDF}
	EndGlobalSection
EndGlobal
