
Microsoft Visual Studio Solution File, Format Version 12.00
# Visual Studio Version 16
VisualStudioVersion = 16.0.29509.3
MinimumVisualStudioVersion = 10.0.40219.1
Project("{FAE04EC0-301F-11D3-BF4B-00C04F79EFBC}") = "Lab11_ASP_WinForm", "Lab11_ASP_WinForm\Lab11_ASP_WinForm.csproj", "{664F9E21-C54B-49E7-9143-B66CFDCB2B4A}"
EndProject
Global
	GlobalSection(SolutionConfigurationPlatforms) = preSolution
		Debug|Any CPU = Debug|Any CPU
		Release|Any CPU = Release|Any CPU
	EndGlobalSection
	GlobalSection(ProjectConfigurationPlatforms) = postSolution
		{664F9E21-C54B-49E7-9143-B66CFDCB2B4A}.Debug|Any CPU.ActiveCfg = Debug|Any CPU
		{664F9E21-C54B-49E7-9143-B66CFDCB2B4A}.Debug|Any CPU.Build.0 = Debug|Any CPU
		{664F9E21-C54B-49E7-9143-B66CFDCB2B4A}.Release|Any CPU.ActiveCfg = Release|Any CPU
		{664F9E21-C54B-49E7-9143-B66CFDCB2B4A}.Release|Any CPU.Build.0 = Release|Any CPU
	EndGlobalSection
	GlobalSection(SolutionProperties) = preSolution
		HideSolutionNode = FALSE
	EndGlobalSection
	GlobalSection(ExtensibilityGlobals) = postSolution
		SolutionGuid = {B3ECFD28-C945-43AA-8EB5-480D9761C5E6}
	EndGlobalSection
EndGlobal
