
Microsoft Visual Studio Solution File, Format Version 12.00
# Visual Studio Version 16
VisualStudioVersion = 16.0.29509.3
MinimumVisualStudioVersion = 10.0.40219.1
Project("{FAE04EC0-301F-11D3-BF4B-00C04F79EFBC}") = "Lab10_ASP_user", "Lab10_ASP_user\Lab10_ASP_user.csproj", "{72D17CCD-12B1-4CDB-8DA5-B402FD2FD1BF}"
EndProject
Global
	GlobalSection(SolutionConfigurationPlatforms) = preSolution
		Debug|Any CPU = Debug|Any CPU
		Release|Any CPU = Release|Any CPU
	EndGlobalSection
	GlobalSection(ProjectConfigurationPlatforms) = postSolution
		{72D17CCD-12B1-4CDB-8DA5-B402FD2FD1BF}.Debug|Any CPU.ActiveCfg = Debug|Any CPU
		{72D17CCD-12B1-4CDB-8DA5-B402FD2FD1BF}.Debug|Any CPU.Build.0 = Debug|Any CPU
		{72D17CCD-12B1-4CDB-8DA5-B402FD2FD1BF}.Release|Any CPU.ActiveCfg = Release|Any CPU
		{72D17CCD-12B1-4CDB-8DA5-B402FD2FD1BF}.Release|Any CPU.Build.0 = Release|Any CPU
	EndGlobalSection
	GlobalSection(SolutionProperties) = preSolution
		HideSolutionNode = FALSE
	EndGlobalSection
	GlobalSection(ExtensibilityGlobals) = postSolution
		SolutionGuid = {73F4EBD6-36F1-4B11-9E65-40329E1F9A6B}
	EndGlobalSection
EndGlobal
