
Microsoft Visual Studio Solution File, Format Version 12.00
# Visual Studio Version 16
VisualStudioVersion = 16.0.29326.143
MinimumVisualStudioVersion = 10.0.40219.1
Project("{FAE04EC0-301F-11D3-BF4B-00C04F79EFBC}") = "Lab6_ASP", "Lab6_ASP\Lab6_ASP.csproj", "{A549D383-4C4E-421A-9848-CC6CCF4BCBC2}"
EndProject
Global
	GlobalSection(SolutionConfigurationPlatforms) = preSolution
		Debug|Any CPU = Debug|Any CPU
		Release|Any CPU = Release|Any CPU
	EndGlobalSection
	GlobalSection(ProjectConfigurationPlatforms) = postSolution
		{A549D383-4C4E-421A-9848-CC6CCF4BCBC2}.Debug|Any CPU.ActiveCfg = Debug|Any CPU
		{A549D383-4C4E-421A-9848-CC6CCF4BCBC2}.Debug|Any CPU.Build.0 = Debug|Any CPU
		{A549D383-4C4E-421A-9848-CC6CCF4BCBC2}.Release|Any CPU.ActiveCfg = Release|Any CPU
		{A549D383-4C4E-421A-9848-CC6CCF4BCBC2}.Release|Any CPU.Build.0 = Release|Any CPU
	EndGlobalSection
	GlobalSection(SolutionProperties) = preSolution
		HideSolutionNode = FALSE
	EndGlobalSection
	GlobalSection(ExtensibilityGlobals) = postSolution
		SolutionGuid = {CBB6F60B-E52F-4592-B7B0-D383B7DCD874}
	EndGlobalSection
EndGlobal
